<?xml version="1.0" encoding="utf-8"?>
<Project ToolsVersion="4.0" xmlns="http://schemas.microsoft.com/developer/msbuild/2003">
  <ItemGroup>
    <Filter Include="Source Files">
      <UniqueIdentifier>{4FC737F1-C7A5-4376-A066-2A32D752A2FF}</UniqueIdentifier>
      <Extensions>cpp;c;cc;cxx;c++;cppm;ixx;def;odl;idl;hpj;bat;asm;asmx</Extensions>
    </Filter>
    <Filter Include="Header Files">
      <UniqueIdentifier>{93995380-89BD-4b04-88EB-625FBE52EBFB}</UniqueIdentifier>
      <Extensions>h;hh;hpp;hxx;h++;hm;inl;inc;ipp;xsd</Extensions>
    </Filter>
    <Filter Include="Resource Files">
      <UniqueIdentifier>{67DA6AB6-F800-4c08-8B7A-83BB121AAD01}</UniqueIdentifier>
      <Extensions>rc;ico;cur;bmp;dlg;rc2;rct;bin;rgs;gif;jpg;jpeg;jpe;resx;tiff;tif;png;wav;mfcribbon-ms</Extensions>
    </Filter>
  </ItemGroup>
  <ItemGroup>
    <ClCompile Include="..\src\asprint.cpp">
      <Filter>Source Files</Filter>
    </ClCompile>
    <ClCompile Include="..\src\bstreei.cpp">
      <Filter>Source Files</Filter>
    </ClCompile>
    <ClCompile Include="..\src\btcache.cpp">
      <Filter>Source Files</Filter>
    </ClCompile>
    <ClCompile Include="..\src\btnode.cpp">
      <Filter>Source Files</Filter>
    </ClCompile>
    <ClCompile Include="..\src\btstack.cpp">
      <Filter>Source Files</Filter>
    </ClCompile>
    <ClCompile Include="..\src\cdate.cpp">
      <Filter>Source Files</Filter>
    </ClCompile>
    <ClCompile Include="..\src\dbasekey.cpp">
      <Filter>Source Files</Filter>
    </ClCompile>
    <ClCompile Include="..\src\dbfcache.cpp">
      <Filter>Source Files</Filter>
    </ClCompile>
    <ClCompile Include="..\src\dbugmgr.cpp">
      <Filter>Source Files</Filter>
    </ClCompile>
    <ClCompile Include="..\src\devcache.cpp">
      <Filter>Source Files</Filter>
    </ClCompile>
    <ClCompile Include="..\src\dfileb.cpp">
      <Filter>Source Files</Filter>
    </ClCompile>
    <ClCompile Include="..\src\ehandler.cpp">
      <Filter>Source Files</Filter>
    </ClCompile>
    <ClCompile Include="..\src\fstring.cpp">
      <Filter>Source Files</Filter>
    </ClCompile>
    <ClCompile Include="..\src\futils.cpp">
      <Filter>Source Files</Filter>
    </ClCompile>
    <ClCompile Include="..\src\gpersist.cpp">
      <Filter>Source Files</Filter>
    </ClCompile>
    <ClCompile Include="..\src\gthreadt.cpp">
      <Filter>Source Files</Filter>
    </ClCompile>
    <ClCompile Include="..\src\gxbtree.cpp">
      <Filter>Source Files</Filter>
    </ClCompile>
    <ClCompile Include="..\src\gxcond.cpp">
      <Filter>Source Files</Filter>
    </ClCompile>
    <ClCompile Include="..\src\gxconfig.cpp">
      <Filter>Source Files</Filter>
    </ClCompile>
    <ClCompile Include="..\src\gxcrc32.cpp">
      <Filter>Source Files</Filter>
    </ClCompile>
    <ClCompile Include="..\src\gxdatagm.cpp">
      <Filter>Source Files</Filter>
    </ClCompile>
    <ClCompile Include="..\src\gxdbase.cpp">
      <Filter>Source Files</Filter>
    </ClCompile>
    <ClCompile Include="..\src\gxderror.cpp">
      <Filter>Source Files</Filter>
    </ClCompile>
    <ClCompile Include="..\src\gxdfp64.cpp">
      <Filter>Source Files</Filter>
    </ClCompile>
    <ClCompile Include="..\src\gxdfptr.cpp">
      <Filter>Source Files</Filter>
    </ClCompile>
    <ClCompile Include="..\src\gxdlcode.cpp">
      <Filter>Source Files</Filter>
    </ClCompile>
    <ClCompile Include="..\src\gxdstats.cpp">
      <Filter>Source Files</Filter>
    </ClCompile>
    <ClCompile Include="..\src\gxfloat.cpp">
      <Filter>Source Files</Filter>
    </ClCompile>
    <ClCompile Include="..\src\gxint16.cpp">
      <Filter>Source Files</Filter>
    </ClCompile>
    <ClCompile Include="..\src\gxint32.cpp">
      <Filter>Source Files</Filter>
    </ClCompile>
    <ClCompile Include="..\src\gxint64.cpp">
      <Filter>Source Files</Filter>
    </ClCompile>
    <ClCompile Include="..\src\gxip32.cpp">
      <Filter>Source Files</Filter>
    </ClCompile>
    <ClCompile Include="..\src\gxlistb.cpp">
      <Filter>Source Files</Filter>
    </ClCompile>
    <ClCompile Include="..\src\gxmac48.cpp">
      <Filter>Source Files</Filter>
    </ClCompile>
    <ClCompile Include="..\src\gxmutex.cpp">
      <Filter>Source Files</Filter>
    </ClCompile>
    <ClCompile Include="..\src\gxrdbdef.cpp">
      <Filter>Source Files</Filter>
    </ClCompile>
    <ClCompile Include="..\src\gxrdbhdr.cpp">
      <Filter>Source Files</Filter>
    </ClCompile>
    <ClCompile Include="..\src\gxrdbms.cpp">
      <Filter>Source Files</Filter>
    </ClCompile>
    <ClCompile Include="..\src\gxrdbsql.cpp">
      <Filter>Source Files</Filter>
    </ClCompile>
    <ClCompile Include="..\src\gxs_b64.cpp">
      <Filter>Source Files</Filter>
    </ClCompile>
    <ClCompile Include="..\src\gxscomm.cpp">
      <Filter>Source Files</Filter>
    </ClCompile>
    <ClCompile Include="..\src\gxsema.cpp">
      <Filter>Source Files</Filter>
    </ClCompile>
    <ClCompile Include="..\src\gxsftp.cpp">
      <Filter>Source Files</Filter>
    </ClCompile>
    <ClCompile Include="..\src\gxshtml.cpp">
      <Filter>Source Files</Filter>
    </ClCompile>
    <ClCompile Include="..\src\gxshttp.cpp">
      <Filter>Source Files</Filter>
    </ClCompile>
    <ClCompile Include="..\src\gxshttpc.cpp">
      <Filter>Source Files</Filter>
    </ClCompile>
    <ClCompile Include="..\src\gxsmtp.cpp">
      <Filter>Source Files</Filter>
    </ClCompile>
    <ClCompile Include="..\src\gxsocket.cpp">
      <Filter>Source Files</Filter>
    </ClCompile>
    <ClCompile Include="..\src\gxsping.cpp">
      <Filter>Source Files</Filter>
    </ClCompile>
    <ClCompile Include="..\src\gxspop3.cpp">
      <Filter>Source Files</Filter>
    </ClCompile>
    <ClCompile Include="..\src\gxsrss.cpp">
      <Filter>Source Files</Filter>
    </ClCompile>
    <ClCompile Include="..\src\gxssl.cpp">
      <Filter>Source Files</Filter>
    </ClCompile>
    <ClCompile Include="..\src\gxstream.cpp">
      <Filter>Source Files</Filter>
    </ClCompile>
    <ClCompile Include="..\src\gxsurl.cpp">
      <Filter>Source Files</Filter>
    </ClCompile>
    <ClCompile Include="..\src\gxsutils.cpp">
      <Filter>Source Files</Filter>
    </ClCompile>
    <ClCompile Include="..\src\gxsxml.cpp">
      <Filter>Source Files</Filter>
    </ClCompile>
    <ClCompile Include="..\src\gxtelnet.cpp">
      <Filter>Source Files</Filter>
    </ClCompile>
    <ClCompile Include="..\src\gxthread.cpp">
      <Filter>Source Files</Filter>
    </ClCompile>
    <ClCompile Include="..\src\gxuint16.cpp">
      <Filter>Source Files</Filter>
    </ClCompile>
    <ClCompile Include="..\src\gxuint32.cpp">
      <Filter>Source Files</Filter>
    </ClCompile>
    <ClCompile Include="..\src\gxuint64.cpp">
      <Filter>Source Files</Filter>
    </ClCompile>
    <ClCompile Include="..\src\htmldrv.cpp">
      <Filter>Source Files</Filter>
    </ClCompile>
    <ClCompile Include="..\src\leaktest.cpp">
      <Filter>Source Files</Filter>
    </ClCompile>
    <ClCompile Include="..\src\logfile.cpp">
      <Filter>Source Files</Filter>
    </ClCompile>
    <ClCompile Include="..\src\memblock.cpp">
      <Filter>Source Files</Filter>
    </ClCompile>
    <ClCompile Include="..\src\membuf.cpp">
      <Filter>Source Files</Filter>
    </ClCompile>
    <ClCompile Include="..\src\ostrbase.cpp">
      <Filter>Source Files</Filter>
    </ClCompile>
    <ClCompile Include="..\src\pod.cpp">
      <Filter>Source Files</Filter>
    </ClCompile>
    <ClCompile Include="..\src\pscript.cpp">
      <Filter>Source Files</Filter>
    </ClCompile>
    <ClCompile Include="..\src\scomserv.cpp">
      <Filter>Source Files</Filter>
    </ClCompile>
    <ClCompile Include="..\src\stdafx.cpp">
      <Filter>Source Files</Filter>
    </ClCompile>
    <ClCompile Include="..\src\strutil.cpp">
      <Filter>Source Files</Filter>
    </ClCompile>
    <ClCompile Include="..\src\systime.cpp">
      <Filter>Source Files</Filter>
    </ClCompile>
    <ClCompile Include="..\src\terminal.cpp">
      <Filter>Source Files</Filter>
    </ClCompile>
    <ClCompile Include="..\src\thelpers.cpp">
      <Filter>Source Files</Filter>
    </ClCompile>
    <ClCompile Include="..\src\thrapiw.cpp">
      <Filter>Source Files</Filter>
    </ClCompile>
    <ClCompile Include="..\src\thrpool.cpp">
      <Filter>Source Files</Filter>
    </ClCompile>
    <ClCompile Include="..\src\ustring.cpp">
      <Filter>Source Files</Filter>
    </ClCompile>
    <ClCompile Include="..\src\wserror.cpp">
      <Filter>Source Files</Filter>
    </ClCompile>
  </ItemGroup>
  <ItemGroup>
    <ClInclude Include="..\include\asprint.h">
      <Filter>Header Files</Filter>
    </ClInclude>
    <ClInclude Include="..\include\bstnode.h">
      <Filter>Header Files</Filter>
    </ClInclude>
    <ClInclude Include="..\include\bstreei.h">
      <Filter>Header Files</Filter>
    </ClInclude>
    <ClInclude Include="..\include\btcache.h">
      <Filter>Header Files</Filter>
    </ClInclude>
    <ClInclude Include="..\include\btnode.h">
      <Filter>Header Files</Filter>
    </ClInclude>
    <ClInclude Include="..\include\btstack.h">
      <Filter>Header Files</Filter>
    </ClInclude>
    <ClInclude Include="..\include\cdate.h">
      <Filter>Header Files</Filter>
    </ClInclude>
    <ClInclude Include="..\include\dbasekey.h">
      <Filter>Header Files</Filter>
    </ClInclude>
    <ClInclude Include="..\include\dbfcache.h">
      <Filter>Header Files</Filter>
    </ClInclude>
    <ClInclude Include="..\include\dbugmgr.h">
      <Filter>Header Files</Filter>
    </ClInclude>
    <ClInclude Include="..\include\devcache.h">
      <Filter>Header Files</Filter>
    </ClInclude>
    <ClInclude Include="..\include\devtypes.h">
      <Filter>Header Files</Filter>
    </ClInclude>
    <ClInclude Include="..\include\dfileb.h">
      <Filter>Header Files</Filter>
    </ClInclude>
    <ClInclude Include="..\include\eds101.h">
      <Filter>Header Files</Filter>
    </ClInclude>
    <ClInclude Include="..\include\eds201.h">
      <Filter>Header Files</Filter>
    </ClInclude>
    <ClInclude Include="..\include\edscfg.h">
      <Filter>Header Files</Filter>
    </ClInclude>
    <ClInclude Include="..\include\edst101.h">
      <Filter>Header Files</Filter>
    </ClInclude>
    <ClInclude Include="..\include\ehandler.h">
      <Filter>Header Files</Filter>
    </ClInclude>
    <ClInclude Include="..\include\fstring.h">
      <Filter>Header Files</Filter>
    </ClInclude>
    <ClInclude Include="..\include\futils.h">
      <Filter>Header Files</Filter>
    </ClInclude>
    <ClInclude Include="..\include\gpersist.h">
      <Filter>Header Files</Filter>
    </ClInclude>
    <ClInclude Include="..\include\gthreadt.h">
      <Filter>Header Files</Filter>
    </ClInclude>
    <ClInclude Include="..\include\gxbstree.h">
      <Filter>Header Files</Filter>
    </ClInclude>
    <ClInclude Include="..\include\gxbtree.h">
      <Filter>Header Files</Filter>
    </ClInclude>
    <ClInclude Include="..\include\gxcond.h">
      <Filter>Header Files</Filter>
    </ClInclude>
    <ClInclude Include="..\include\gxconfig.h">
      <Filter>Header Files</Filter>
    </ClInclude>
    <ClInclude Include="..\include\gxcrc32.h">
      <Filter>Header Files</Filter>
    </ClInclude>
    <ClInclude Include="..\include\gxcrctab.h">
      <Filter>Header Files</Filter>
    </ClInclude>
    <ClInclude Include="..\include\gxd_ver.h">
      <Filter>Header Files</Filter>
    </ClInclude>
    <ClInclude Include="..\include\gxdatagm.h">
      <Filter>Header Files</Filter>
    </ClInclude>
    <ClInclude Include="..\include\gxdbase.h">
      <Filter>Header Files</Filter>
    </ClInclude>
    <ClInclude Include="..\include\gxderror.h">
      <Filter>Header Files</Filter>
    </ClInclude>
    <ClInclude Include="..\include\gxdfp64.h">
      <Filter>Header Files</Filter>
    </ClInclude>
    <ClInclude Include="..\include\gxdfptr.h">
      <Filter>Header Files</Filter>
    </ClInclude>
    <ClInclude Include="..\include\gxdlcode.h">
      <Filter>Header Files</Filter>
    </ClInclude>
    <ClInclude Include="..\include\gxdlincs.h">
      <Filter>Header Files</Filter>
    </ClInclude>
    <ClInclude Include="..\include\gxdstats.h">
      <Filter>Header Files</Filter>
    </ClInclude>
    <ClInclude Include="..\include\gxdtyp64.h">
      <Filter>Header Files</Filter>
    </ClInclude>
    <ClInclude Include="..\include\gxdtypes.h">
      <Filter>Header Files</Filter>
    </ClInclude>
    <ClInclude Include="..\include\gxfloat.h">
      <Filter>Header Files</Filter>
    </ClInclude>
    <ClInclude Include="..\include\gxheader.h">
      <Filter>Header Files</Filter>
    </ClInclude>
    <ClInclude Include="..\include\gxint16.h">
      <Filter>Header Files</Filter>
    </ClInclude>
    <ClInclude Include="..\include\gxint32.h">
      <Filter>Header Files</Filter>
    </ClInclude>
    <ClInclude Include="..\include\gxint64.h">
      <Filter>Header Files</Filter>
    </ClInclude>
    <ClInclude Include="..\include\gxip32.h">
      <Filter>Header Files</Filter>
    </ClInclude>
    <ClInclude Include="..\include\gxlist.h">
      <Filter>Header Files</Filter>
    </ClInclude>
    <ClInclude Include="..\include\gxlistb.h">
      <Filter>Header Files</Filter>
    </ClInclude>
    <ClInclude Include="..\include\gxmac48.h">
      <Filter>Header Files</Filter>
    </ClInclude>
    <ClInclude Include="..\include\gxmutex.h">
      <Filter>Header Files</Filter>
    </ClInclude>
    <ClInclude Include="..\include\gxrdbdef.h">
      <Filter>Header Files</Filter>
    </ClInclude>
    <ClInclude Include="..\include\gxrdbhdr.h">
      <Filter>Header Files</Filter>
    </ClInclude>
    <ClInclude Include="..\include\gxrdbms.h">
      <Filter>Header Files</Filter>
    </ClInclude>
    <ClInclude Include="..\include\gxrdbsql.h">
      <Filter>Header Files</Filter>
    </ClInclude>
    <ClInclude Include="..\include\gxs_b64.h">
      <Filter>Header Files</Filter>
    </ClInclude>
    <ClInclude Include="..\include\gxs_ver.h">
      <Filter>Header Files</Filter>
    </ClInclude>
    <ClInclude Include="..\include\gxscomm.h">
      <Filter>Header Files</Filter>
    </ClInclude>
    <ClInclude Include="..\include\gxsema.h">
      <Filter>Header Files</Filter>
    </ClInclude>
    <ClInclude Include="..\include\gxsftp.h">
      <Filter>Header Files</Filter>
    </ClInclude>
    <ClInclude Include="..\include\gxshtml.h">
      <Filter>Header Files</Filter>
    </ClInclude>
    <ClInclude Include="..\include\gxshttp.h">
      <Filter>Header Files</Filter>
    </ClInclude>
    <ClInclude Include="..\include\gxshttpc.h">
      <Filter>Header Files</Filter>
    </ClInclude>
    <ClInclude Include="..\include\gxsmtp.h">
      <Filter>Header Files</Filter>
    </ClInclude>
    <ClInclude Include="..\include\gxsocket.h">
      <Filter>Header Files</Filter>
    </ClInclude>
    <ClInclude Include="..\include\gxsping.h">
      <Filter>Header Files</Filter>
    </ClInclude>
    <ClInclude Include="..\include\gxspop3.h">
      <Filter>Header Files</Filter>
    </ClInclude>
    <ClInclude Include="..\include\gxsrss.h">
      <Filter>Header Files</Filter>
    </ClInclude>
    <ClInclude Include="..\include\gxssl.h">
      <Filter>Header Files</Filter>
    </ClInclude>
    <ClInclude Include="..\include\gxstream.h">
      <Filter>Header Files</Filter>
    </ClInclude>
    <ClInclude Include="..\include\gxstring.h">
      <Filter>Header Files</Filter>
    </ClInclude>
    <ClInclude Include="..\include\gxstypes.h">
      <Filter>Header Files</Filter>
    </ClInclude>
    <ClInclude Include="..\include\gxsurl.h">
      <Filter>Header Files</Filter>
    </ClInclude>
    <ClInclude Include="..\include\gxsutils.h">
      <Filter>Header Files</Filter>
    </ClInclude>
    <ClInclude Include="..\include\gxsxml.h">
      <Filter>Header Files</Filter>
    </ClInclude>
    <ClInclude Include="..\include\gxt_ver.h">
      <Filter>Header Files</Filter>
    </ClInclude>
    <ClInclude Include="..\include\gxtelnet.h">
      <Filter>Header Files</Filter>
    </ClInclude>
    <ClInclude Include="..\include\gxthread.h">
      <Filter>Header Files</Filter>
    </ClInclude>
    <ClInclude Include="..\include\gxuint16.h">
      <Filter>Header Files</Filter>
    </ClInclude>
    <ClInclude Include="..\include\gxuint32.h">
      <Filter>Header Files</Filter>
    </ClInclude>
    <ClInclude Include="..\include\gxuint64.h">
      <Filter>Header Files</Filter>
    </ClInclude>
    <ClInclude Include="..\include\htmldrv.h">
      <Filter>Header Files</Filter>
    </ClInclude>
    <ClInclude Include="..\include\httpgrab.h">
      <Filter>Header Files</Filter>
    </ClInclude>
    <ClInclude Include="..\include\infohog.h">
      <Filter>Header Files</Filter>
    </ClInclude>
    <ClInclude Include="..\include\keytypes.h">
      <Filter>Header Files</Filter>
    </ClInclude>
    <ClInclude Include="..\include\leaktest.h">
      <Filter>Header Files</Filter>
    </ClInclude>
    <ClInclude Include="..\include\logfile.h">
      <Filter>Header Files</Filter>
    </ClInclude>
    <ClInclude Include="..\include\memblock.h">
      <Filter>Header Files</Filter>
    </ClInclude>
    <ClInclude Include="..\include\membuf.h">
      <Filter>Header Files</Filter>
    </ClInclude>
    <ClInclude Include="..\include\ostrbase.h">
      <Filter>Header Files</Filter>
    </ClInclude>
    <ClInclude Include="..\include\pod.h">
      <Filter>Header Files</Filter>
    </ClInclude>
    <ClInclude Include="..\include\pscript.h">
      <Filter>Header Files</Filter>
    </ClInclude>
    <ClInclude Include="..\include\scomserv.h">
      <Filter>Header Files</Filter>
    </ClInclude>
    <ClInclude Include="..\include\sreg101.h">
      <Filter>Header Files</Filter>
    </ClInclude>
    <ClInclude Include="..\include\stdafx.h">
      <Filter>Header Files</Filter>
    </ClInclude>
    <ClInclude Include="..\include\strutil.h">
      <Filter>Header Files</Filter>
    </ClInclude>
    <ClInclude Include="..\include\systime.h">
      <Filter>Header Files</Filter>
    </ClInclude>
    <ClInclude Include="..\include\terminal.h">
      <Filter>Header Files</Filter>
    </ClInclude>
    <ClInclude Include="..\include\thelpers.h">
      <Filter>Header Files</Filter>
    </ClInclude>
    <ClInclude Include="..\include\thrapiw.h">
      <Filter>Header Files</Filter>
    </ClInclude>
    <ClInclude Include="..\include\thrpool.h">
      <Filter>Header Files</Filter>
    </ClInclude>
    <ClInclude Include="..\include\thrtypes.h">
      <Filter>Header Files</Filter>
    </ClInclude>
    <ClInclude Include="..\include\ustring.h">
      <Filter>Header Files</Filter>
    </ClInclude>
    <ClInclude Include="..\include\wserror.h">
      <Filter>Header Files</Filter>
    </ClInclude>
    <ClInclude Include="..\include\wx2incs.h">
      <Filter>Header Files</Filter>
    </ClInclude>
    <ClInclude Include="..\include\wx3incs.h">
      <Filter>Header Files</Filter>
    </ClInclude>
    <ClInclude Include="..\include\wxincs.h">
      <Filter>Header Files</Filter>
    </ClInclude>
  </ItemGroup>
</Project>